// !$*UTF8*$!
{
	archiveVersion = 1;
	classes = {
	};
	objectVersion = 46;
	objects = {

/* Begin PBXBuildFile section */
		2E780634E5AFCB63D7CCA93A /* Pods_IOSDemos.framework in Frameworks */ = {isa = PBXBuildFile; fileRef = 340384A839AF358081485B6B /* Pods_IOSDemos.framework */; };
		EE28BC5A1E13E23100E28350 /* README.md in Sources */ = {isa = PBXBuildFile; fileRef = EE28BC591E13E23100E28350 /* README.md */; };
		EE28BC5C1E13ED1600E28350 /* ModalViewController.swift in Sources */ = {isa = PBXBuildFile; fileRef = EE28BC5B1E13ED1600E28350 /* ModalViewController.swift */; };
		EE28BC5E1E13ED2C00E28350 /* ModalDemosView.swift in Sources */ = {isa = PBXBuildFile; fileRef = EE28BC5D1E13ED2C00E28350 /* ModalDemosView.swift */; };
		EE28BC601E13ED3B00E28350 /* ModalDemosViewDelegate.swift in Sources */ = {isa = PBXBuildFile; fileRef = EE28BC5F1E13ED3B00E28350 /* ModalDemosViewDelegate.swift */; };
		EE28BC631E13EE4400E28350 /* ModalA.swift in Sources */ = {isa = PBXBuildFile; fileRef = EE28BC621E13EE4400E28350 /* ModalA.swift */; };
		EE28BC661E13F1E700E28350 /* ModalAViewController.swift in Sources */ = {isa = PBXBuildFile; fileRef = EE28BC651E13F1E700E28350 /* ModalAViewController.swift */; };
		EE28BC681E13F25B00E28350 /* ModalADelegate.swift in Sources */ = {isa = PBXBuildFile; fileRef = EE28BC671E13F25B00E28350 /* ModalADelegate.swift */; };
		EE3BB7011E1E024500303C4D /* SomeDetails.md in Sources */ = {isa = PBXBuildFile; fileRef = EE3BB7001E1E024500303C4D /* SomeDetails.md */; };
		EE4633F41E1CDA85007D77C7 /* SubmitToAppStore.md in Sources */ = {isa = PBXBuildFile; fileRef = EE4633F31E1CDA85007D77C7 /* SubmitToAppStore.md */; };
		EE4DE0281E15243500837F1D /* UITableViewDemosViewController.swift in Sources */ = {isa = PBXBuildFile; fileRef = EE4DE0271E15243500837F1D /* UITableViewDemosViewController.swift */; };
		EE4DE02B1E1524AB00837F1D /* UITableViewDemos.swift in Sources */ = {isa = PBXBuildFile; fileRef = EE4DE02A1E1524AB00837F1D /* UITableViewDemos.swift */; };
		EE4DE02D1E15250000837F1D /* UITableViewDemosDelegate.swift in Sources */ = {isa = PBXBuildFile; fileRef = EE4DE02C1E15250000837F1D /* UITableViewDemosDelegate.swift */; };
		EE4DE02F1E1525A800837F1D /* SimpleTableView.swift in Sources */ = {isa = PBXBuildFile; fileRef = EE4DE02E1E1525A800837F1D /* SimpleTableView.swift */; };
		EE4DE0311E1525B600837F1D /* SimpleTableViewDelegate.swift in Sources */ = {isa = PBXBuildFile; fileRef = EE4DE0301E1525B600837F1D /* SimpleTableViewDelegate.swift */; };
		EE4DE0341E15274200837F1D /* SimpleTableViewController.swift in Sources */ = {isa = PBXBuildFile; fileRef = EE4DE0331E15274200837F1D /* SimpleTableViewController.swift */; };
		EE4DE0361E152AB000837F1D /* CommonTableViewController.swift in Sources */ = {isa = PBXBuildFile; fileRef = EE4DE0351E152AB000837F1D /* CommonTableViewController.swift */; };
		EE4DE0381E152ABF00837F1D /* CommonTableView.swift in Sources */ = {isa = PBXBuildFile; fileRef = EE4DE0371E152ABF00837F1D /* CommonTableView.swift */; };
		EE4DE03A1E152AE800837F1D /* CommonTableViewDelegate.swift in Sources */ = {isa = PBXBuildFile; fileRef = EE4DE0391E152AE800837F1D /* CommonTableViewDelegate.swift */; };
		EE4DE03C1E15323600837F1D /* CommonTableCell.swift in Sources */ = {isa = PBXBuildFile; fileRef = EE4DE03B1E15323600837F1D /* CommonTableCell.swift */; };
		EE4DE04E1E16A81D00837F1D /* InAppPurchase.md in Sources */ = {isa = PBXBuildFile; fileRef = EE4DE04D1E16A81D00837F1D /* InAppPurchase.md */; };
		EE4DE0501E16B21300837F1D /* framework.md in Sources */ = {isa = PBXBuildFile; fileRef = EE4DE04F1E16B21300837F1D /* framework.md */; };
		EE78A7951E138DF70019BAF7 /* SpeechSynthesizerDemoView.swift in Sources */ = {isa = PBXBuildFile; fileRef = EE78A7941E138DF70019BAF7 /* SpeechSynthesizerDemoView.swift */; };
		EE78A7971E138E070019BAF7 /* SpeechSynthesizerDemoDelegate.swift in Sources */ = {isa = PBXBuildFile; fileRef = EE78A7961E138E070019BAF7 /* SpeechSynthesizerDemoDelegate.swift */; };
		EE78A7991E138E270019BAF7 /* SpeechSynthesizerDemoViewController.swift in Sources */ = {isa = PBXBuildFile; fileRef = EE78A7981E138E270019BAF7 /* SpeechSynthesizerDemoViewController.swift */; };
		EE78A79B1E13A2470019BAF7 /* PlayVoiceFormNetView.swift in Sources */ = {isa = PBXBuildFile; fileRef = EE78A79A1E13A2470019BAF7 /* PlayVoiceFormNetView.swift */; };
		EE78A79D1E13A2560019BAF7 /* PlayVoiceFormNetViewDelegate.swift in Sources */ = {isa = PBXBuildFile; fileRef = EE78A79C1E13A2560019BAF7 /* PlayVoiceFormNetViewDelegate.swift */; };
		EE78A79F1E13A26A0019BAF7 /* PlayVoiceFormNetViewController.swift in Sources */ = {isa = PBXBuildFile; fileRef = EE78A79E1E13A26A0019BAF7 /* PlayVoiceFormNetViewController.swift */; };
		EE78A7A11E13CD400019BAF7 /* anjiexigongzhu.mp3 in Resources */ = {isa = PBXBuildFile; fileRef = EE78A7A01E13CD400019BAF7 /* anjiexigongzhu.mp3 */; };
		EE854F651E24D59600D9BFF9 /* TabDemosViewController.swift in Sources */ = {isa = PBXBuildFile; fileRef = EE854F641E24D59600D9BFF9 /* TabDemosViewController.swift */; };
		EE854F681E24D5BD00D9BFF9 /* TabAndDrawerDemosView.swift in Sources */ = {isa = PBXBuildFile; fileRef = EE854F671E24D5BD00D9BFF9 /* TabAndDrawerDemosView.swift */; };
		EE854F6A1E24D5EE00D9BFF9 /* TabAndDrawerDemosViewDelegate.swift in Sources */ = {isa = PBXBuildFile; fileRef = EE854F691E24D5EE00D9BFF9 /* TabAndDrawerDemosViewDelegate.swift */; };
		EE854F6C1E24EA3000D9BFF9 /* TabAndDrawerDemosLeft.swift in Sources */ = {isa = PBXBuildFile; fileRef = EE854F6B1E24EA3000D9BFF9 /* TabAndDrawerDemosLeft.swift */; };
		EE854F701E24EA6100D9BFF9 /* TabAndDrawerDemosLeftViewController.swift in Sources */ = {isa = PBXBuildFile; fileRef = EE854F6F1E24EA6100D9BFF9 /* TabAndDrawerDemosLeftViewController.swift */; };
		EEBD7D711E12891C001C3FC6 /* AppDelegate.swift in Sources */ = {isa = PBXBuildFile; fileRef = EEBD7D701E12891C001C3FC6 /* AppDelegate.swift */; };
		EEBD7D731E12891C001C3FC6 /* ViewController.swift in Sources */ = {isa = PBXBuildFile; fileRef = EEBD7D721E12891C001C3FC6 /* ViewController.swift */; };
		EEBD7D761E12891C001C3FC6 /* Main.storyboard in Resources */ = {isa = PBXBuildFile; fileRef = EEBD7D741E12891C001C3FC6 /* Main.storyboard */; };
		EEBD7D791E12891C001C3FC6 /* IOSDemos.xcdatamodeld in Sources */ = {isa = PBXBuildFile; fileRef = EEBD7D771E12891C001C3FC6 /* IOSDemos.xcdatamodeld */; };
		EEBD7D7B1E12891C001C3FC6 /* Assets.xcassets in Resources */ = {isa = PBXBuildFile; fileRef = EEBD7D7A1E12891C001C3FC6 /* Assets.xcassets */; };
		EEBD7D7E1E12891C001C3FC6 /* LaunchScreen.storyboard in Resources */ = {isa = PBXBuildFile; fileRef = EEBD7D7C1E12891C001C3FC6 /* LaunchScreen.storyboard */; };
		EEBD7D891E12891D001C3FC6 /* IOSDemosTests.swift in Sources */ = {isa = PBXBuildFile; fileRef = EEBD7D881E12891D001C3FC6 /* IOSDemosTests.swift */; };
		EEBD7D941E12891D001C3FC6 /* IOSDemosUITests.swift in Sources */ = {isa = PBXBuildFile; fileRef = EEBD7D931E12891D001C3FC6 /* IOSDemosUITests.swift */; };
		EEBD7DA31E12899F001C3FC6 /* Menu.plist in Resources */ = {isa = PBXBuildFile; fileRef = EEBD7DA21E12899F001C3FC6 /* Menu.plist */; };
		EEBD7DA61E128A12001C3FC6 /* MenusView.swift in Sources */ = {isa = PBXBuildFile; fileRef = EEBD7DA51E128A12001C3FC6 /* MenusView.swift */; };
		EEBD7DA91E128A83001C3FC6 /* DataForMenus.swift in Sources */ = {isa = PBXBuildFile; fileRef = EEBD7DA81E128A83001C3FC6 /* DataForMenus.swift */; };
		EEBD7DAB1E128AAE001C3FC6 /* Menu.swift in Sources */ = {isa = PBXBuildFile; fileRef = EEBD7DAA1E128AAE001C3FC6 /* Menu.swift */; };
		EEBD7DAD1E1294A3001C3FC6 /* MenusViewDelegate.swift in Sources */ = {isa = PBXBuildFile; fileRef = EEBD7DAC1E1294A3001C3FC6 /* MenusViewDelegate.swift */; };
		EEBD7DAF1E129599001C3FC6 /* FullTextDemoView.swift in Sources */ = {isa = PBXBuildFile; fileRef = EEBD7DAE1E129599001C3FC6 /* FullTextDemoView.swift */; };
		EEBD7DB21E1295D4001C3FC6 /* FullTextDemoViewController.swift in Sources */ = {isa = PBXBuildFile; fileRef = EEBD7DB11E1295D4001C3FC6 /* FullTextDemoViewController.swift */; };
		EEBD7DB41E129787001C3FC6 /* FullTextDemoViewDelegate.swift in Sources */ = {isa = PBXBuildFile; fileRef = EEBD7DB31E129787001C3FC6 /* FullTextDemoViewDelegate.swift */; };
/* End PBXBuildFile section */

/* Begin PBXContainerItemProxy section */
		EEBD7D851E12891D001C3FC6 /* PBXContainerItemProxy */ = {
			isa = PBXContainerItemProxy;
			containerPortal = EEBD7D651E12891C001C3FC6 /* Project object */;
			proxyType = 1;
			remoteGlobalIDString = EEBD7D6C1E12891C001C3FC6;
			remoteInfo = IOSDemos;
		};
		EEBD7D901E12891D001C3FC6 /* PBXContainerItemProxy */ = {
			isa = PBXContainerItemProxy;
			containerPortal = EEBD7D651E12891C001C3FC6 /* Project object */;
			proxyType = 1;
			remoteGlobalIDString = EEBD7D6C1E12891C001C3FC6;
			remoteInfo = IOSDemos;
		};
/* End PBXContainerItemProxy section */

/* Begin PBXFileReference section */
		1BCBAFDA1356724861B7D4F9 /* Pods-IOSDemos.release.xcconfig */ = {isa = PBXFileReference; includeInIndex = 1; lastKnownFileType = text.xcconfig; name = "Pods-IOSDemos.release.xcconfig"; path = "Pods/Target Support Files/Pods-IOSDemos/Pods-IOSDemos.release.xcconfig"; sourceTree = "<group>"; };
		1F98AEC77D3D65A28D96456E /* Pods-IOSDemos.debug.xcconfig */ = {isa = PBXFileReference; includeInIndex = 1; lastKnownFileType = text.xcconfig; name = "Pods-IOSDemos.debug.xcconfig"; path = "Pods/Target Support Files/Pods-IOSDemos/Pods-IOSDemos.debug.xcconfig"; sourceTree = "<group>"; };
		340384A839AF358081485B6B /* Pods_IOSDemos.framework */ = {isa = PBXFileReference; explicitFileType = wrapper.framework; includeInIndex = 0; path = Pods_IOSDemos.framework; sourceTree = BUILT_PRODUCTS_DIR; };
		EE28BC591E13E23100E28350 /* README.md */ = {isa = PBXFileReference; fileEncoding = 4; lastKnownFileType = net.daringfireball.markdown; path = README.md; sourceTree = "<group>"; };
		EE28BC5B1E13ED1600E28350 /* ModalViewController.swift */ = {isa = PBXFileReference; fileEncoding = 4; lastKnownFileType = sourcecode.swift; path = ModalViewController.swift; sourceTree = "<group>"; };
		EE28BC5D1E13ED2C00E28350 /* ModalDemosView.swift */ = {isa = PBXFileReference; fileEncoding = 4; lastKnownFileType = sourcecode.swift; path = ModalDemosView.swift; sourceTree = "<group>"; };
		EE28BC5F1E13ED3B00E28350 /* ModalDemosViewDelegate.swift */ = {isa = PBXFileReference; fileEncoding = 4; lastKnownFileType = sourcecode.swift; path = ModalDemosViewDelegate.swift; sourceTree = "<group>"; };
		EE28BC621E13EE4400E28350 /* ModalA.swift */ = {isa = PBXFileReference; fileEncoding = 4; lastKnownFileType = sourcecode.swift; path = ModalA.swift; sourceTree = "<group>"; };
		EE28BC651E13F1E700E28350 /* ModalAViewController.swift */ = {isa = PBXFileReference; fileEncoding = 4; lastKnownFileType = sourcecode.swift; path = ModalAViewController.swift; sourceTree = "<group>"; };
		EE28BC671E13F25B00E28350 /* ModalADelegate.swift */ = {isa = PBXFileReference; fileEncoding = 4; lastKnownFileType = sourcecode.swift; path = ModalADelegate.swift; sourceTree = "<group>"; };
		EE3BB7001E1E024500303C4D /* SomeDetails.md */ = {isa = PBXFileReference; fileEncoding = 4; lastKnownFileType = net.daringfireball.markdown; path = SomeDetails.md; sourceTree = "<group>"; };
		EE4633F31E1CDA85007D77C7 /* SubmitToAppStore.md */ = {isa = PBXFileReference; fileEncoding = 4; lastKnownFileType = net.daringfireball.markdown; path = SubmitToAppStore.md; sourceTree = "<group>"; };
		EE4DE0271E15243500837F1D /* UITableViewDemosViewController.swift */ = {isa = PBXFileReference; fileEncoding = 4; lastKnownFileType = sourcecode.swift; path = UITableViewDemosViewController.swift; sourceTree = "<group>"; };
		EE4DE02A1E1524AB00837F1D /* UITableViewDemos.swift */ = {isa = PBXFileReference; fileEncoding = 4; lastKnownFileType = sourcecode.swift; path = UITableViewDemos.swift; sourceTree = "<group>"; };
		EE4DE02C1E15250000837F1D /* UITableViewDemosDelegate.swift */ = {isa = PBXFileReference; fileEncoding = 4; lastKnownFileType = sourcecode.swift; path = UITableViewDemosDelegate.swift; sourceTree = "<group>"; };
		EE4DE02E1E1525A800837F1D /* SimpleTableView.swift */ = {isa = PBXFileReference; fileEncoding = 4; lastKnownFileType = sourcecode.swift; path = SimpleTableView.swift; sourceTree = "<group>"; };
		EE4DE0301E1525B600837F1D /* SimpleTableViewDelegate.swift */ = {isa = PBXFileReference; fileEncoding = 4; lastKnownFileType = sourcecode.swift; path = SimpleTableViewDelegate.swift; sourceTree = "<group>"; };
		EE4DE0331E15274200837F1D /* SimpleTableViewController.swift */ = {isa = PBXFileReference; fileEncoding = 4; lastKnownFileType = sourcecode.swift; path = SimpleTableViewController.swift; sourceTree = "<group>"; };
		EE4DE0351E152AB000837F1D /* CommonTableViewController.swift */ = {isa = PBXFileReference; fileEncoding = 4; lastKnownFileType = sourcecode.swift; path = CommonTableViewController.swift; sourceTree = "<group>"; };
		EE4DE0371E152ABF00837F1D /* CommonTableView.swift */ = {isa = PBXFileReference; fileEncoding = 4; lastKnownFileType = sourcecode.swift; path = CommonTableView.swift; sourceTree = "<group>"; };
		EE4DE0391E152AE800837F1D /* CommonTableViewDelegate.swift */ = {isa = PBXFileReference; fileEncoding = 4; lastKnownFileType = sourcecode.swift; path = CommonTableViewDelegate.swift; sourceTree = "<group>"; };
		EE4DE03B1E15323600837F1D /* CommonTableCell.swift */ = {isa = PBXFileReference; fileEncoding = 4; lastKnownFileType = sourcecode.swift; path = CommonTableCell.swift; sourceTree = "<group>"; };
		EE4DE04D1E16A81D00837F1D /* InAppPurchase.md */ = {isa = PBXFileReference; fileEncoding = 4; lastKnownFileType = net.daringfireball.markdown; path = InAppPurchase.md; sourceTree = "<group>"; };
		EE4DE04F1E16B21300837F1D /* framework.md */ = {isa = PBXFileReference; fileEncoding = 4; lastKnownFileType = net.daringfireball.markdown; path = framework.md; sourceTree = "<group>"; };
		EE78A7941E138DF70019BAF7 /* SpeechSynthesizerDemoView.swift */ = {isa = PBXFileReference; fileEncoding = 4; lastKnownFileType = sourcecode.swift; path = SpeechSynthesizerDemoView.swift; sourceTree = "<group>"; };
		EE78A7961E138E070019BAF7 /* SpeechSynthesizerDemoDelegate.swift */ = {isa = PBXFileReference; fileEncoding = 4; lastKnownFileType = sourcecode.swift; path = SpeechSynthesizerDemoDelegate.swift; sourceTree = "<group>"; };
		EE78A7981E138E270019BAF7 /* SpeechSynthesizerDemoViewController.swift */ = {isa = PBXFileReference; fileEncoding = 4; lastKnownFileType = sourcecode.swift; path = SpeechSynthesizerDemoViewController.swift; sourceTree = "<group>"; };
		EE78A79A1E13A2470019BAF7 /* PlayVoiceFormNetView.swift */ = {isa = PBXFileReference; fileEncoding = 4; lastKnownFileType = sourcecode.swift; path = PlayVoiceFormNetView.swift; sourceTree = "<group>"; };
		EE78A79C1E13A2560019BAF7 /* PlayVoiceFormNetViewDelegate.swift */ = {isa = PBXFileReference; fileEncoding = 4; lastKnownFileType = sourcecode.swift; path = PlayVoiceFormNetViewDelegate.swift; sourceTree = "<group>"; };
		EE78A79E1E13A26A0019BAF7 /* PlayVoiceFormNetViewController.swift */ = {isa = PBXFileReference; fileEncoding = 4; lastKnownFileType = sourcecode.swift; path = PlayVoiceFormNetViewController.swift; sourceTree = "<group>"; };
		EE78A7A01E13CD400019BAF7 /* anjiexigongzhu.mp3 */ = {isa = PBXFileReference; lastKnownFileType = audio.mp3; path = anjiexigongzhu.mp3; sourceTree = "<group>"; };
		EE854F641E24D59600D9BFF9 /* TabDemosViewController.swift */ = {isa = PBXFileReference; fileEncoding = 4; lastKnownFileType = sourcecode.swift; path = TabDemosViewController.swift; sourceTree = "<group>"; };
		EE854F671E24D5BD00D9BFF9 /* TabAndDrawerDemosView.swift */ = {isa = PBXFileReference; fileEncoding = 4; lastKnownFileType = sourcecode.swift; path = TabAndDrawerDemosView.swift; sourceTree = "<group>"; };
		EE854F691E24D5EE00D9BFF9 /* TabAndDrawerDemosViewDelegate.swift */ = {isa = PBXFileReference; fileEncoding = 4; lastKnownFileType = sourcecode.swift; path = TabAndDrawerDemosViewDelegate.swift; sourceTree = "<group>"; };
		EE854F6B1E24EA3000D9BFF9 /* TabAndDrawerDemosLeft.swift */ = {isa = PBXFileReference; fileEncoding = 4; lastKnownFileType = sourcecode.swift; path = TabAndDrawerDemosLeft.swift; sourceTree = "<group>"; };
		EE854F6F1E24EA6100D9BFF9 /* TabAndDrawerDemosLeftViewController.swift */ = {isa = PBXFileReference; fileEncoding = 4; lastKnownFileType = sourcecode.swift; path = TabAndDrawerDemosLeftViewController.swift; sourceTree = "<group>"; };
		EE854F711E24EB1300D9BFF9 /* IOSDemos-Bridging-Header.h */ = {isa = PBXFileReference; lastKnownFileType = sourcecode.c.h; path = "IOSDemos-Bridging-Header.h"; sourceTree = "<group>"; };
		EEBD7D6D1E12891C001C3FC6 /* IOSDemos.app */ = {isa = PBXFileReference; explicitFileType = wrapper.application; includeInIndex = 0; path = IOSDemos.app; sourceTree = BUILT_PRODUCTS_DIR; };
		EEBD7D701E12891C001C3FC6 /* AppDelegate.swift */ = {isa = PBXFileReference; lastKnownFileType = sourcecode.swift; path = AppDelegate.swift; sourceTree = "<group>"; };
		EEBD7D721E12891C001C3FC6 /* ViewController.swift */ = {isa = PBXFileReference; lastKnownFileType = sourcecode.swift; path = ViewController.swift; sourceTree = "<group>"; };
		EEBD7D751E12891C001C3FC6 /* Base */ = {isa = PBXFileReference; lastKnownFileType = file.storyboard; name = Base; path = Base.lproj/Main.storyboard; sourceTree = "<group>"; };
		EEBD7D781E12891C001C3FC6 /* IOSDemos.xcdatamodel */ = {isa = PBXFileReference; lastKnownFileType = wrapper.xcdatamodel; path = IOSDemos.xcdatamodel; sourceTree = "<group>"; };
		EEBD7D7A1E12891C001C3FC6 /* Assets.xcassets */ = {isa = PBXFileReference; lastKnownFileType = folder.assetcatalog; path = Assets.xcassets; sourceTree = "<group>"; };
		EEBD7D7D1E12891C001C3FC6 /* Base */ = {isa = PBXFileReference; lastKnownFileType = file.storyboard; name = Base; path = Base.lproj/LaunchScreen.storyboard; sourceTree = "<group>"; };
		EEBD7D7F1E12891C001C3FC6 /* Info.plist */ = {isa = PBXFileReference; lastKnownFileType = text.plist.xml; path = Info.plist; sourceTree = "<group>"; };
		EEBD7D841E12891D001C3FC6 /* IOSDemosTests.xctest */ = {isa = PBXFileReference; explicitFileType = wrapper.cfbundle; includeInIndex = 0; path = IOSDemosTests.xctest; sourceTree = BUILT_PRODUCTS_DIR; };
		EEBD7D881E12891D001C3FC6 /* IOSDemosTests.swift */ = {isa = PBXFileReference; lastKnownFileType = sourcecode.swift; path = IOSDemosTests.swift; sourceTree = "<group>"; };
		EEBD7D8A1E12891D001C3FC6 /* Info.plist */ = {isa = PBXFileReference; lastKnownFileType = text.plist.xml; path = Info.plist; sourceTree = "<group>"; };
		EEBD7D8F1E12891D001C3FC6 /* IOSDemosUITests.xctest */ = {isa = PBXFileReference; explicitFileType = wrapper.cfbundle; includeInIndex = 0; path = IOSDemosUITests.xctest; sourceTree = BUILT_PRODUCTS_DIR; };
		EEBD7D931E12891D001C3FC6 /* IOSDemosUITests.swift */ = {isa = PBXFileReference; lastKnownFileType = sourcecode.swift; path = IOSDemosUITests.swift; sourceTree = "<group>"; };
		EEBD7D951E12891D001C3FC6 /* Info.plist */ = {isa = PBXFileReference; lastKnownFileType = text.plist.xml; path = Info.plist; sourceTree = "<group>"; };
		EEBD7DA21E12899F001C3FC6 /* Menu.plist */ = {isa = PBXFileReference; fileEncoding = 4; lastKnownFileType = text.plist.xml; path = Menu.plist; sourceTree = "<group>"; };
		EEBD7DA51E128A12001C3FC6 /* MenusView.swift */ = {isa = PBXFileReference; fileEncoding = 4; lastKnownFileType = sourcecode.swift; path = MenusView.swift; sourceTree = "<group>"; };
		EEBD7DA81E128A83001C3FC6 /* DataForMenus.swift */ = {isa = PBXFileReference; fileEncoding = 4; lastKnownFileType = sourcecode.swift; path = DataForMenus.swift; sourceTree = "<group>"; };
		EEBD7DAA1E128AAE001C3FC6 /* Menu.swift */ = {isa = PBXFileReference; fileEncoding = 4; lastKnownFileType = sourcecode.swift; path = Menu.swift; sourceTree = "<group>"; };
		EEBD7DAC1E1294A3001C3FC6 /* MenusViewDelegate.swift */ = {isa = PBXFileReference; fileEncoding = 4; lastKnownFileType = sourcecode.swift; path = MenusViewDelegate.swift; sourceTree = "<group>"; };
		EEBD7DAE1E129599001C3FC6 /* FullTextDemoView.swift */ = {isa = PBXFileReference; fileEncoding = 4; lastKnownFileType = sourcecode.swift; path = FullTextDemoView.swift; sourceTree = "<group>"; };
		EEBD7DB11E1295D4001C3FC6 /* FullTextDemoViewController.swift */ = {isa = PBXFileReference; fileEncoding = 4; lastKnownFileType = sourcecode.swift; path = FullTextDemoViewController.swift; sourceTree = "<group>"; };
		EEBD7DB31E129787001C3FC6 /* FullTextDemoViewDelegate.swift */ = {isa = PBXFileReference; fileEncoding = 4; lastKnownFileType = sourcecode.swift; path = FullTextDemoViewDelegate.swift; sourceTree = "<group>"; };
/* End PBXFileReference section */

/* Begin PBXFrameworksBuildPhase section */
		EEBD7D6A1E12891C001C3FC6 /* Frameworks */ = {
			isa = PBXFrameworksBuildPhase;
			buildActionMask = 2147483647;
			files = (
				2E780634E5AFCB63D7CCA93A /* Pods_IOSDemos.framework in Frameworks */,
			);
			runOnlyForDeploymentPostprocessing = 0;
		};
		EEBD7D811E12891D001C3FC6 /* Frameworks */ = {
			isa = PBXFrameworksBuildPhase;
			buildActionMask = 2147483647;
			files = (
			);
			runOnlyForDeploymentPostprocessing = 0;
		};
		EEBD7D8C1E12891D001C3FC6 /* Frameworks */ = {
			isa = PBXFrameworksBuildPhase;
			buildActionMask = 2147483647;
			files = (
			);
			runOnlyForDeploymentPostprocessing = 0;
		};
/* End PBXFrameworksBuildPhase section */

/* Begin PBXGroup section */
		6C392D74E1FA315B07DF5F42 /* Pods */ = {
			isa = PBXGroup;
			children = (
				1F98AEC77D3D65A28D96456E /* Pods-IOSDemos.debug.xcconfig */,
				1BCBAFDA1356724861B7D4F9 /* Pods-IOSDemos.release.xcconfig */,
			);
			name = Pods;
			sourceTree = "<group>";
		};
		E1B780682219E63E2E711DB3 /* Frameworks */ = {
			isa = PBXGroup;
			children = (
				340384A839AF358081485B6B /* Pods_IOSDemos.framework */,
			);
			name = Frameworks;
			sourceTree = "<group>";
		};
		EE28BC611E13EE3100E28350 /* Modals */ = {
			isa = PBXGroup;
			children = (
				EE28BC621E13EE4400E28350 /* ModalA.swift */,
				EE28BC671E13F25B00E28350 /* ModalADelegate.swift */,
			);
			path = Modals;
			sourceTree = "<group>";
		};
		EE28BC641E13F1D700E28350 /* Modals */ = {
			isa = PBXGroup;
			children = (
				EE28BC651E13F1E700E28350 /* ModalAViewController.swift */,
			);
			path = Modals;
			sourceTree = "<group>";
		};
		EE4DE0241E15141B00837F1D /* note */ = {
			isa = PBXGroup;
			children = (
				EE4DE04D1E16A81D00837F1D /* InAppPurchase.md */,
				EE4DE04F1E16B21300837F1D /* framework.md */,
				EE4633F31E1CDA85007D77C7 /* SubmitToAppStore.md */,
				EE3BB7001E1E024500303C4D /* SomeDetails.md */,
			);
			path = note;
			sourceTree = "<group>";
		};
		EE4DE0291E15249600837F1D /* UITableViewDemos */ = {
			isa = PBXGroup;
			children = (
				EE4DE02A1E1524AB00837F1D /* UITableViewDemos.swift */,
				EE4DE02C1E15250000837F1D /* UITableViewDemosDelegate.swift */,
				EE4DE02E1E1525A800837F1D /* SimpleTableView.swift */,
				EE4DE0301E1525B600837F1D /* SimpleTableViewDelegate.swift */,
				EE4DE0371E152ABF00837F1D /* CommonTableView.swift */,
				EE4DE0391E152AE800837F1D /* CommonTableViewDelegate.swift */,
				EE4DE03B1E15323600837F1D /* CommonTableCell.swift */,
			);
			path = UITableViewDemos;
			sourceTree = "<group>";
		};
		EE4DE0321E15272A00837F1D /* UITableViewDemos */ = {
			isa = PBXGroup;
			children = (
				EE4DE0331E15274200837F1D /* SimpleTableViewController.swift */,
				EE4DE0351E152AB000837F1D /* CommonTableViewController.swift */,
			);
			path = UITableViewDemos;
			sourceTree = "<group>";
		};
		EE854F631E24D57D00D9BFF9 /* TabDemos */ = {
			isa = PBXGroup;
			children = (
				EE854F641E24D59600D9BFF9 /* TabDemosViewController.swift */,
				EE854F6F1E24EA6100D9BFF9 /* TabAndDrawerDemosLeftViewController.swift */,
			);
			path = TabDemos;
			sourceTree = "<group>";
		};
		EE854F661E24D5AA00D9BFF9 /* TabAndDrawerDemos */ = {
			isa = PBXGroup;
			children = (
				EE854F671E24D5BD00D9BFF9 /* TabAndDrawerDemosView.swift */,
				EE854F691E24D5EE00D9BFF9 /* TabAndDrawerDemosViewDelegate.swift */,
				EE854F6B1E24EA3000D9BFF9 /* TabAndDrawerDemosLeft.swift */,
			);
			name = TabAndDrawerDemos;
			path = TabDemos;
			sourceTree = "<group>";
		};
		EEBD7D641E12891C001C3FC6 = {
			isa = PBXGroup;
			children = (
				EE4DE0241E15141B00837F1D /* note */,
				EE28BC591E13E23100E28350 /* README.md */,
				EEBD7D6F1E12891C001C3FC6 /* IOSDemos */,
				EEBD7D871E12891D001C3FC6 /* IOSDemosTests */,
				EEBD7D921E12891D001C3FC6 /* IOSDemosUITests */,
				EEBD7D6E1E12891C001C3FC6 /* Products */,
				6C392D74E1FA315B07DF5F42 /* Pods */,
				E1B780682219E63E2E711DB3 /* Frameworks */,
			);
			sourceTree = "<group>";
		};
		EEBD7D6E1E12891C001C3FC6 /* Products */ = {
			isa = PBXGroup;
			children = (
				EEBD7D6D1E12891C001C3FC6 /* IOSDemos.app */,
				EEBD7D841E12891D001C3FC6 /* IOSDemosTests.xctest */,
				EEBD7D8F1E12891D001C3FC6 /* IOSDemosUITests.xctest */,
			);
			name = Products;
			sourceTree = "<group>";
		};
		EEBD7D6F1E12891C001C3FC6 /* IOSDemos */ = {
			isa = PBXGroup;
			children = (
				EEBD7DB01E1295BD001C3FC6 /* Controller */,
				EEBD7DA71E128A73001C3FC6 /* Models */,
				EEBD7DA41E1289F8001C3FC6 /* Views */,
				EEBD7DA11E12894B001C3FC6 /* Data */,
				EEBD7D701E12891C001C3FC6 /* AppDelegate.swift */,
				EEBD7D721E12891C001C3FC6 /* ViewController.swift */,
				EEBD7D741E12891C001C3FC6 /* Main.storyboard */,
				EEBD7D7A1E12891C001C3FC6 /* Assets.xcassets */,
				EEBD7D7C1E12891C001C3FC6 /* LaunchScreen.storyboard */,
				EEBD7D7F1E12891C001C3FC6 /* Info.plist */,
				EEBD7D771E12891C001C3FC6 /* IOSDemos.xcdatamodeld */,
				EE854F711E24EB1300D9BFF9 /* IOSDemos-Bridging-Header.h */,
			);
			path = IOSDemos;
			sourceTree = "<group>";
		};
		EEBD7D871E12891D001C3FC6 /* IOSDemosTests */ = {
			isa = PBXGroup;
			children = (
				EEBD7D881E12891D001C3FC6 /* IOSDemosTests.swift */,
				EEBD7D8A1E12891D001C3FC6 /* Info.plist */,
			);
			path = IOSDemosTests;
			sourceTree = "<group>";
		};
		EEBD7D921E12891D001C3FC6 /* IOSDemosUITests */ = {
			isa = PBXGroup;
			children = (
				EEBD7D931E12891D001C3FC6 /* IOSDemosUITests.swift */,
				EEBD7D951E12891D001C3FC6 /* Info.plist */,
			);
			path = IOSDemosUITests;
			sourceTree = "<group>";
		};
		EEBD7DA11E12894B001C3FC6 /* Data */ = {
			isa = PBXGroup;
			children = (
				EE78A7A01E13CD400019BAF7 /* anjiexigongzhu.mp3 */,
				EEBD7DA21E12899F001C3FC6 /* Menu.plist */,
			);
			path = Data;
			sourceTree = "<group>";
		};
		EEBD7DA41E1289F8001C3FC6 /* Views */ = {
			isa = PBXGroup;
			children = (
				EE854F661E24D5AA00D9BFF9 /* TabAndDrawerDemos */,
				EE4DE0291E15249600837F1D /* UITableViewDemos */,
				EE28BC611E13EE3100E28350 /* Modals */,
				EEBD7DA51E128A12001C3FC6 /* MenusView.swift */,
				EEBD7DAC1E1294A3001C3FC6 /* MenusViewDelegate.swift */,
				EEBD7DAE1E129599001C3FC6 /* FullTextDemoView.swift */,
				EEBD7DB31E129787001C3FC6 /* FullTextDemoViewDelegate.swift */,
				EE78A7941E138DF70019BAF7 /* SpeechSynthesizerDemoView.swift */,
				EE78A7961E138E070019BAF7 /* SpeechSynthesizerDemoDelegate.swift */,
				EE78A79A1E13A2470019BAF7 /* PlayVoiceFormNetView.swift */,
				EE78A79C1E13A2560019BAF7 /* PlayVoiceFormNetViewDelegate.swift */,
				EE28BC5D1E13ED2C00E28350 /* ModalDemosView.swift */,
				EE28BC5F1E13ED3B00E28350 /* ModalDemosViewDelegate.swift */,
			);
			path = Views;
			sourceTree = "<group>";
		};
		EEBD7DA71E128A73001C3FC6 /* Models */ = {
			isa = PBXGroup;
			children = (
				EEBD7DA81E128A83001C3FC6 /* DataForMenus.swift */,
				EEBD7DAA1E128AAE001C3FC6 /* Menu.swift */,
			);
			path = Models;
			sourceTree = "<group>";
		};
		EEBD7DB01E1295BD001C3FC6 /* Controller */ = {
			isa = PBXGroup;
			children = (
				EE854F631E24D57D00D9BFF9 /* TabDemos */,
				EE4DE0321E15272A00837F1D /* UITableViewDemos */,
				EE28BC641E13F1D700E28350 /* Modals */,
				EEBD7DB11E1295D4001C3FC6 /* FullTextDemoViewController.swift */,
				EE78A7981E138E270019BAF7 /* SpeechSynthesizerDemoViewController.swift */,
				EE78A79E1E13A26A0019BAF7 /* PlayVoiceFormNetViewController.swift */,
				EE28BC5B1E13ED1600E28350 /* ModalViewController.swift */,
				EE4DE0271E15243500837F1D /* UITableViewDemosViewController.swift */,
			);
			path = Controller;
			sourceTree = "<group>";
		};
/* End PBXGroup section */

/* Begin PBXNativeTarget section */
		EEBD7D6C1E12891C001C3FC6 /* IOSDemos */ = {
			isa = PBXNativeTarget;
			buildConfigurationList = EEBD7D981E12891D001C3FC6 /* Build configuration list for PBXNativeTarget "IOSDemos" */;
			buildPhases = (
				931CEB88B35C1C6E6AB07052 /* [CP] Check Pods Manifest.lock */,
				EEBD7D691E12891C001C3FC6 /* Sources */,
				EEBD7D6A1E12891C001C3FC6 /* Frameworks */,
				EEBD7D6B1E12891C001C3FC6 /* Resources */,
				E2B828754B0E910B8B09F6AC /* [CP] Embed Pods Frameworks */,
				2B86A3F6F89E21F657D9C12E /* [CP] Copy Pods Resources */,
			);
			buildRules = (
			);
			dependencies = (
			);
			name = IOSDemos;
			productName = IOSDemos;
			productReference = EEBD7D6D1E12891C001C3FC6 /* IOSDemos.app */;
			productType = "com.apple.product-type.application";
		};
		EEBD7D831E12891D001C3FC6 /* IOSDemosTests */ = {
			isa = PBXNativeTarget;
			buildConfigurationList = EEBD7D9B1E12891D001C3FC6 /* Build configuration list for PBXNativeTarget "IOSDemosTests" */;
			buildPhases = (
				EEBD7D801E12891D001C3FC6 /* Sources */,
				EEBD7D811E12891D001C3FC6 /* Frameworks */,
				EEBD7D821E12891D001C3FC6 /* Resources */,
			);
			buildRules = (
			);
			dependencies = (
				EEBD7D861E12891D001C3FC6 /* PBXTargetDependency */,
			);
			name = IOSDemosTests;
			productName = IOSDemosTests;
			productReference = EEBD7D841E12891D001C3FC6 /* IOSDemosTests.xctest */;
			productType = "com.apple.product-type.bundle.unit-test";
		};
		EEBD7D8E1E12891D001C3FC6 /* IOSDemosUITests */ = {
			isa = PBXNativeTarget;
			buildConfigurationList = EEBD7D9E1E12891D001C3FC6 /* Build configuration list for PBXNativeTarget "IOSDemosUITests" */;
			buildPhases = (
				EEBD7D8B1E12891D001C3FC6 /* Sources */,
				EEBD7D8C1E12891D001C3FC6 /* Frameworks */,
				EEBD7D8D1E12891D001C3FC6 /* Resources */,
			);
			buildRules = (
			);
			dependencies = (
				EEBD7D911E12891D001C3FC6 /* PBXTargetDependency */,
			);
			name = IOSDemosUITests;
			productName = IOSDemosUITests;
			productReference = EEBD7D8F1E12891D001C3FC6 /* IOSDemosUITests.xctest */;
			productType = "com.apple.product-type.bundle.ui-testing";
		};
/* End PBXNativeTarget section */

/* Begin PBXProject section */
		EEBD7D651E12891C001C3FC6 /* Project object */ = {
			isa = PBXProject;
			attributes = {
				LastSwiftUpdateCheck = 0820;
				LastUpgradeCheck = 0820;
				ORGANIZATIONNAME = Enjia;
				TargetAttributes = {
					EEBD7D6C1E12891C001C3FC6 = {
						CreatedOnToolsVersion = 8.2;
						DevelopmentTeam = 9449692GAK;
						LastSwiftMigration = 0820;
						ProvisioningStyle = Automatic;
					};
					EEBD7D831E12891D001C3FC6 = {
						CreatedOnToolsVersion = 8.2;
						DevelopmentTeam = 9449692GAK;
						ProvisioningStyle = Automatic;
						TestTargetID = EEBD7D6C1E12891C001C3FC6;
					};
					EEBD7D8E1E12891D001C3FC6 = {
						CreatedOnToolsVersion = 8.2;
						DevelopmentTeam = 9449692GAK;
						ProvisioningStyle = Automatic;
						TestTargetID = EEBD7D6C1E12891C001C3FC6;
					};
				};
			};
			buildConfigurationList = EEBD7D681E12891C001C3FC6 /* Build configuration list for PBXProject "IOSDemos" */;
			compatibilityVersion = "Xcode 3.2";
			developmentRegion = English;
			hasScannedForEncodings = 0;
			knownRegions = (
				en,
				Base,
			);
			mainGroup = EEBD7D641E12891C001C3FC6;
			productRefGroup = EEBD7D6E1E12891C001C3FC6 /* Products */;
			projectDirPath = "";
			projectRoot = "";
			targets = (
				EEBD7D6C1E12891C001C3FC6 /* IOSDemos */,
				EEBD7D831E12891D001C3FC6 /* IOSDemosTests */,
				EEBD7D8E1E12891D001C3FC6 /* IOSDemosUITests */,
			);
		};
/* End PBXProject section */

/* Begin PBXResourcesBuildPhase section */
		EEBD7D6B1E12891C001C3FC6 /* Resources */ = {
			isa = PBXResourcesBuildPhase;
			buildActionMask = 2147483647;
			files = (
				EEBD7D7E1E12891C001C3FC6 /* LaunchScreen.storyboard in Resources */,
				EE78A7A11E13CD400019BAF7 /* anjiexigongzhu.mp3 in Resources */,
				EEBD7DA31E12899F001C3FC6 /* Menu.plist in Resources */,
				EEBD7D7B1E12891C001C3FC6 /* Assets.xcassets in Resources */,
				EEBD7D761E12891C001C3FC6 /* Main.storyboard in Resources */,
			);
			runOnlyForDeploymentPostprocessing = 0;
		};
		EEBD7D821E12891D001C3FC6 /* Resources */ = {
			isa = PBXResourcesBuildPhase;
			buildActionMask = 2147483647;
			files = (
			);
			runOnlyForDeploymentPostprocessing = 0;
		};
		EEBD7D8D1E12891D001C3FC6 /* Resources */ = {
			isa = PBXResourcesBuildPhase;
			buildActionMask = 2147483647;
			files = (
			);
			runOnlyForDeploymentPostprocessing = 0;
		};
/* End PBXResourcesBuildPhase section */

/* Begin PBXShellScriptBuildPhase section */
		2B86A3F6F89E21F657D9C12E /* [CP] Copy Pods Resources */ = {
			isa = PBXShellScriptBuildPhase;
			buildActionMask = 2147483647;
			files = (
			);
			inputPaths = (
			);
			name = "[CP] Copy Pods Resources";
			outputPaths = (
			);
			runOnlyForDeploymentPostprocessing = 0;
			shellPath = /bin/sh;
			shellScript = "\"${SRCROOT}/Pods/Target Support Files/Pods-IOSDemos/Pods-IOSDemos-resources.sh\"\n";
			showEnvVarsInLog = 0;
		};
		931CEB88B35C1C6E6AB07052 /* [CP] Check Pods Manifest.lock */ = {
			isa = PBXShellScriptBuildPhase;
			buildActionMask = 2147483647;
			files = (
			);
			inputPaths = (
			);
			name = "[CP] Check Pods Manifest.lock";
			outputPaths = (
			);
			runOnlyForDeploymentPostprocessing = 0;
			shellPath = /bin/sh;
			shellScript = "diff \"${PODS_ROOT}/../Podfile.lock\" \"${PODS_ROOT}/Manifest.lock\" > /dev/null\nif [ $? != 0 ] ; then\n    # print error to STDERR\n    echo \"error: The sandbox is not in sync with the Podfile.lock. Run 'pod install' or update your CocoaPods installation.\" >&2\n    exit 1\nfi\n";
			showEnvVarsInLog = 0;
		};
		E2B828754B0E910B8B09F6AC /* [CP] Embed Pods Frameworks */ = {
			isa = PBXShellScriptBuildPhase;
			buildActionMask = 2147483647;
			files = (
			);
			inputPaths = (
			);
			name = "[CP] Embed Pods Frameworks";
			outputPaths = (
			);
			runOnlyForDeploymentPostprocessing = 0;
			shellPath = /bin/sh;
			shellScript = "\"${SRCROOT}/Pods/Target Support Files/Pods-IOSDemos/Pods-IOSDemos-frameworks.sh\"\n";
			showEnvVarsInLog = 0;
		};
/* End PBXShellScriptBuildPhase section */

/* Begin PBXSourcesBuildPhase section */
		EEBD7D691E12891C001C3FC6 /* Sources */ = {
			isa = PBXSourcesBuildPhase;
			buildActionMask = 2147483647;
			files = (
				EE4DE04E1E16A81D00837F1D /* InAppPurchase.md in Sources */,
				EE4DE03C1E15323600837F1D /* CommonTableCell.swift in Sources */,
				EE854F6A1E24D5EE00D9BFF9 /* TabAndDrawerDemosViewDelegate.swift in Sources */,
				EE854F6C1E24EA3000D9BFF9 /* TabAndDrawerDemosLeft.swift in Sources */,
				EE78A7951E138DF70019BAF7 /* SpeechSynthesizerDemoView.swift in Sources */,
				EEBD7DAB1E128AAE001C3FC6 /* Menu.swift in Sources */,
				EE78A7971E138E070019BAF7 /* SpeechSynthesizerDemoDelegate.swift in Sources */,
				EE854F651E24D59600D9BFF9 /* TabDemosViewController.swift in Sources */,
				EE4DE02D1E15250000837F1D /* UITableViewDemosDelegate.swift in Sources */,
				EE4DE0361E152AB000837F1D /* CommonTableViewController.swift in Sources */,
				EE4DE0311E1525B600837F1D /* SimpleTableViewDelegate.swift in Sources */,
				EE78A7991E138E270019BAF7 /* SpeechSynthesizerDemoViewController.swift in Sources */,
				EE28BC661E13F1E700E28350 /* ModalAViewController.swift in Sources */,
				EEBD7DAD1E1294A3001C3FC6 /* MenusViewDelegate.swift in Sources */,
				EE78A79F1E13A26A0019BAF7 /* PlayVoiceFormNetViewController.swift in Sources */,
				EEBD7DAF1E129599001C3FC6 /* FullTextDemoView.swift in Sources */,
				EEBD7D731E12891C001C3FC6 /* ViewController.swift in Sources */,
				EEBD7DB21E1295D4001C3FC6 /* FullTextDemoViewController.swift in Sources */,
				EE4DE0381E152ABF00837F1D /* CommonTableView.swift in Sources */,
				EE4DE02B1E1524AB00837F1D /* UITableViewDemos.swift in Sources */,
				EE4DE0281E15243500837F1D /* UITableViewDemosViewController.swift in Sources */,
				EE4DE02F1E1525A800837F1D /* SimpleTableView.swift in Sources */,
				EE854F681E24D5BD00D9BFF9 /* TabAndDrawerDemosView.swift in Sources */,
				EE78A79D1E13A2560019BAF7 /* PlayVoiceFormNetViewDelegate.swift in Sources */,
				EEBD7D791E12891C001C3FC6 /* IOSDemos.xcdatamodeld in Sources */,
				EE28BC5E1E13ED2C00E28350 /* ModalDemosView.swift in Sources */,
				EE28BC681E13F25B00E28350 /* ModalADelegate.swift in Sources */,
				EE3BB7011E1E024500303C4D /* SomeDetails.md in Sources */,
				EE4633F41E1CDA85007D77C7 /* SubmitToAppStore.md in Sources */,
				EE28BC5A1E13E23100E28350 /* README.md in Sources */,
				EE4DE0341E15274200837F1D /* SimpleTableViewController.swift in Sources */,
				EE28BC601E13ED3B00E28350 /* ModalDemosViewDelegate.swift in Sources */,
				EE78A79B1E13A2470019BAF7 /* PlayVoiceFormNetView.swift in Sources */,
				EEBD7DB41E129787001C3FC6 /* FullTextDemoViewDelegate.swift in Sources */,
				EEBD7DA61E128A12001C3FC6 /* MenusView.swift in Sources */,
				EEBD7D711E12891C001C3FC6 /* AppDelegate.swift in Sources */,
				EE4DE0501E16B21300837F1D /* framework.md in Sources */,
				EE28BC5C1E13ED1600E28350 /* ModalViewController.swift in Sources */,
				EE28BC631E13EE4400E28350 /* ModalA.swift in Sources */,
				EE854F701E24EA6100D9BFF9 /* TabAndDrawerDemosLeftViewController.swift in Sources */,
				EEBD7DA91E128A83001C3FC6 /* DataForMenus.swift in Sources */,
				EE4DE03A1E152AE800837F1D /* CommonTableViewDelegate.swift in Sources */,
			);
			runOnlyForDeploymentPostprocessing = 0;
		};
		EEBD7D801E12891D001C3FC6 /* Sources */ = {
			isa = PBXSourcesBuildPhase;
			buildActionMask = 2147483647;
			files = (
				EEBD7D891E12891D001C3FC6 /* IOSDemosTests.swift in Sources */,
			);
			runOnlyForDeploymentPostprocessing = 0;
		};
		EEBD7D8B1E12891D001C3FC6 /* Sources */ = {
			isa = PBXSourcesBuildPhase;
			buildActionMask = 2147483647;
			files = (
				EEBD7D941E12891D001C3FC6 /* IOSDemosUITests.swift in Sources */,
			);
			runOnlyForDeploymentPostprocessing = 0;
		};
/* End PBXSourcesBuildPhase section */

/* Begin PBXTargetDependency section */
		EEBD7D861E12891D001C3FC6 /* PBXTargetDependency */ = {
			isa = PBXTargetDependency;
			target = EEBD7D6C1E12891C001C3FC6 /* IOSDemos */;
			targetProxy = EEBD7D851E12891D001C3FC6 /* PBXContainerItemProxy */;
		};
		EEBD7D911E12891D001C3FC6 /* PBXTargetDependency */ = {
			isa = PBXTargetDependency;
			target = EEBD7D6C1E12891C001C3FC6 /* IOSDemos */;
			targetProxy = EEBD7D901E12891D001C3FC6 /* PBXContainerItemProxy */;
		};
/* End PBXTargetDependency section */

/* Begin PBXVariantGroup section */
		EEBD7D741E12891C001C3FC6 /* Main.storyboard */ = {
			isa = PBXVariantGroup;
			children = (
				EEBD7D751E12891C001C3FC6 /* Base */,
			);
			name = Main.storyboard;
			sourceTree = "<group>";
		};
		EEBD7D7C1E12891C001C3FC6 /* LaunchScreen.storyboard */ = {
			isa = PBXVariantGroup;
			children = (
				EEBD7D7D1E12891C001C3FC6 /* Base */,
			);
			name = LaunchScreen.storyboard;
			sourceTree = "<group>";
		};
/* End PBXVariantGroup section */

/* Begin XCBuildConfiguration section */
		EEBD7D961E12891D001C3FC6 /* Debug */ = {
			isa = XCBuildConfiguration;
			buildSettings = {
				ALWAYS_SEARCH_USER_PATHS = NO;
				CLANG_ANALYZER_NONNULL = YES;
				CLANG_CXX_LANGUAGE_STANDARD = "gnu++0x";
				CLANG_CXX_LIBRARY = "libc++";
				CLANG_ENABLE_MODULES = YES;
				CLANG_ENABLE_OBJC_ARC = YES;
				CLANG_WARN_BOOL_CONVERSION = YES;
				CLANG_WARN_CONSTANT_CONVERSION = YES;
				CLANG_WARN_DIRECT_OBJC_ISA_USAGE = YES_ERROR;
				CLANG_WARN_DOCUMENTATION_COMMENTS = YES;
				CLANG_WARN_EMPTY_BODY = YES;
				CLANG_WARN_ENUM_CONVERSION = YES;
				CLANG_WARN_INFINITE_RECURSION = YES;
				CLANG_WARN_INT_CONVERSION = YES;
				CLANG_WARN_OBJC_ROOT_CLASS = YES_ERROR;
				CLANG_WARN_SUSPICIOUS_MOVE = YES;
				CLANG_WARN_UNREACHABLE_CODE = YES;
				CLANG_WARN__DUPLICATE_METHOD_MATCH = YES;
				"CODE_SIGN_IDENTITY[sdk=iphoneos*]" = "iPhone Developer";
				COPY_PHASE_STRIP = NO;
				DEBUG_INFORMATION_FORMAT = dwarf;
				ENABLE_STRICT_OBJC_MSGSEND = YES;
				ENABLE_TESTABILITY = YES;
				GCC_C_LANGUAGE_STANDARD = gnu99;
				GCC_DYNAMIC_NO_PIC = NO;
				GCC_NO_COMMON_BLOCKS = YES;
				GCC_OPTIMIZATION_LEVEL = 0;
				GCC_PREPROCESSOR_DEFINITIONS = (
					"DEBUG=1",
					"$(inherited)",
				);
				GCC_WARN_64_TO_32_BIT_CONVERSION = YES;
				GCC_WARN_ABOUT_RETURN_TYPE = YES_ERROR;
				GCC_WARN_UNDECLARED_SELECTOR = YES;
				GCC_WARN_UNINITIALIZED_AUTOS = YES_AGGRESSIVE;
				GCC_WARN_UNUSED_FUNCTION = YES;
				GCC_WARN_UNUSED_VARIABLE = YES;
				IPHONEOS_DEPLOYMENT_TARGET = 10.2;
				MTL_ENABLE_DEBUG_INFO = YES;
				ONLY_ACTIVE_ARCH = YES;
				SDKROOT = iphoneos;
				SWIFT_ACTIVE_COMPILATION_CONDITIONS = DEBUG;
				SWIFT_OPTIMIZATION_LEVEL = "-Onone";
				TARGETED_DEVICE_FAMILY = "1,2";
			};
			name = Debug;
		};
		EEBD7D971E12891D001C3FC6 /* Release */ = {
			isa = XCBuildConfiguration;
			buildSettings = {
				ALWAYS_SEARCH_USER_PATHS = NO;
				CLANG_ANALYZER_NONNULL = YES;
				CLANG_CXX_LANGUAGE_STANDARD = "gnu++0x";
				CLANG_CXX_LIBRARY = "libc++";
				CLANG_ENABLE_MODULES = YES;
				CLANG_ENABLE_OBJC_ARC = YES;
				CLANG_WARN_BOOL_CONVERSION = YES;
				CLANG_WARN_CONSTANT_CONVERSION = YES;
				CLANG_WARN_DIRECT_OBJC_ISA_USAGE = YES_ERROR;
				CLANG_WARN_DOCUMENTATION_COMMENTS = YES;
				CLANG_WARN_EMPTY_BODY = YES;
				CLANG_WARN_ENUM_CONVERSION = YES;
				CLANG_WARN_INFINITE_RECURSION = YES;
				CLANG_WARN_INT_CONVERSION = YES;
				CLANG_WARN_OBJC_ROOT_CLASS = YES_ERROR;
				CLANG_WARN_SUSPICIOUS_MOVE = YES;
				CLANG_WARN_UNREACHABLE_CODE = YES;
				CLANG_WARN__DUPLICATE_METHOD_MATCH = YES;
				"CODE_SIGN_IDENTITY[sdk=iphoneos*]" = "iPhone Developer";
				COPY_PHASE_STRIP = NO;
				DEBUG_INFORMATION_FORMAT = "dwarf-with-dsym";
				ENABLE_NS_ASSERTIONS = NO;
				ENABLE_STRICT_OBJC_MSGSEND = YES;
				GCC_C_LANGUAGE_STANDARD = gnu99;
				GCC_NO_COMMON_BLOCKS = YES;
				GCC_WARN_64_TO_32_BIT_CONVERSION = YES;
				GCC_WARN_ABOUT_RETURN_TYPE = YES_ERROR;
				GCC_WARN_UNDECLARED_SELECTOR = YES;
				GCC_WARN_UNINITIALIZED_AUTOS = YES_AGGRESSIVE;
				GCC_WARN_UNUSED_FUNCTION = YES;
				GCC_WARN_UNUSED_VARIABLE = YES;
				IPHONEOS_DEPLOYMENT_TARGET = 10.2;
				MTL_ENABLE_DEBUG_INFO = NO;
				SDKROOT = iphoneos;
				SWIFT_OPTIMIZATION_LEVEL = "-Owholemodule";
				TARGETED_DEVICE_FAMILY = "1,2";
				VALIDATE_PRODUCT = YES;
			};
			name = Release;
		};
		EEBD7D991E12891D001C3FC6 /* Debug */ = {
			isa = XCBuildConfiguration;
			baseConfigurationReference = 1F98AEC77D3D65A28D96456E /* Pods-IOSDemos.debug.xcconfig */;
			buildSettings = {
				ASSETCATALOG_COMPILER_APPICON_NAME = AppIcon;
				CLANG_ENABLE_MODULES = YES;
				DEVELOPMENT_TEAM = 9449692GAK;
				INFOPLIST_FILE = IOSDemos/Info.plist;
				LD_RUNPATH_SEARCH_PATHS = "$(inherited) @executable_path/Frameworks";
				PRODUCT_BUNDLE_IDENTIFIER = cn.bgenius.IOSDemos;
				PRODUCT_NAME = "$(TARGET_NAME)";
				SWIFT_OBJC_BRIDGING_HEADER = "IOSDemos/IOSDemos-Bridging-Header.h";
				SWIFT_OPTIMIZATION_LEVEL = "-Onone";
				SWIFT_VERSION = 3.0;
			};
			name = Debug;
		};
		EEBD7D9A1E12891D001C3FC6 /* Release */ = {
			isa = XCBuildConfiguration;
			baseConfigurationReference = 1BCBAFDA1356724861B7D4F9 /* Pods-IOSDemos.release.xcconfig */;
			buildSettings = {
				ASSETCATALOG_COMPILER_APPICON_NAME = AppIcon;
				CLANG_ENABLE_MODULES = YES;
				DEVELOPMENT_TEAM = 9449692GAK;
				INFOPLIST_FILE = IOSDemos/Info.plist;
				LD_RUNPATH_SEARCH_PATHS = "$(inherited) @executable_path/Frameworks";
				PRODUCT_BUNDLE_IDENTIFIER = cn.bgenius.IOSDemos;
				PRODUCT_NAME = "$(TARGET_NAME)";
				SWIFT_OBJC_BRIDGING_HEADER = "IOSDemos/IOSDemos-Bridging-Header.h";
				SWIFT_VERSION = 3.0;
			};
			name = Release;
		};
		EEBD7D9C1E12891D001C3FC6 /* Debug */ = {
			isa = XCBuildConfiguration;
			buildSettings = {
				ALWAYS_EMBED_SWIFT_STANDARD_LIBRARIES = YES;
				BUNDLE_LOADER = "$(TEST_HOST)";
				DEVELOPMENT_TEAM = 9449692GAK;
				INFOPLIST_FILE = IOSDemosTests/Info.plist;
				LD_RUNPATH_SEARCH_PATHS = "$(inherited) @executable_path/Frameworks @loader_path/Frameworks";
				PRODUCT_BUNDLE_IDENTIFIER = cn.bgenius.IOSDemosTests;
				PRODUCT_NAME = "$(TARGET_NAME)";
				SWIFT_VERSION = 3.0;
				TEST_HOST = "$(BUILT_PRODUCTS_DIR)/IOSDemos.app/IOSDemos";
			};
			name = Debug;
		};
		EEBD7D9D1E12891D001C3FC6 /* Release */ = {
			isa = XCBuildConfiguration;
			buildSettings = {
				ALWAYS_EMBED_SWIFT_STANDARD_LIBRARIES = YES;
				BUNDLE_LOADER = "$(TEST_HOST)";
				DEVELOPMENT_TEAM = 9449692GAK;
				INFOPLIST_FILE = IOSDemosTests/Info.plist;
				LD_RUNPATH_SEARCH_PATHS = "$(inherited) @executable_path/Frameworks @loader_path/Frameworks";
				PRODUCT_BUNDLE_IDENTIFIER = cn.bgenius.IOSDemosTests;
				PRODUCT_NAME = "$(TARGET_NAME)";
				SWIFT_VERSION = 3.0;
				TEST_HOST = "$(BUILT_PRODUCTS_DIR)/IOSDemos.app/IOSDemos";
			};
			name = Release;
		};
		EEBD7D9F1E12891D001C3FC6 /* Debug */ = {
			isa = XCBuildConfiguration;
			buildSettings = {
				ALWAYS_EMBED_SWIFT_STANDARD_LIBRARIES = YES;
				DEVELOPMENT_TEAM = 9449692GAK;
				INFOPLIST_FILE = IOSDemosUITests/Info.plist;
				LD_RUNPATH_SEARCH_PATHS = "$(inherited) @executable_path/Frameworks @loader_path/Frameworks";
				PRODUCT_BUNDLE_IDENTIFIER = cn.bgenius.IOSDemosUITests;
				PRODUCT_NAME = "$(TARGET_NAME)";
				SWIFT_VERSION = 3.0;
				TEST_TARGET_NAME = IOSDemos;
			};
			name = Debug;
		};
		EEBD7DA01E12891D001C3FC6 /* Release */ = {
			isa = XCBuildConfiguration;
			buildSettings = {
				ALWAYS_EMBED_SWIFT_STANDARD_LIBRARIES = YES;
				DEVELOPMENT_TEAM = 9449692GAK;
				INFOPLIST_FILE = IOSDemosUITests/Info.plist;
				LD_RUNPATH_SEARCH_PATHS = "$(inherited) @executable_path/Frameworks @loader_path/Frameworks";
				PRODUCT_BUNDLE_IDENTIFIER = cn.bgenius.IOSDemosUITests;
				PRODUCT_NAME = "$(TARGET_NAME)";
				SWIFT_VERSION = 3.0;
				TEST_TARGET_NAME = IOSDemos;
			};
			name = Release;
		};
/* End XCBuildConfiguration section */

/* Begin XCConfigurationList section */
		EEBD7D681E12891C001C3FC6 /* Build configuration list for PBXProject "IOSDemos" */ = {
			isa = XCConfigurationList;
			buildConfigurations = (
				EEBD7D961E12891D001C3FC6 /* Debug */,
				EEBD7D971E12891D001C3FC6 /* Release */,
			);
			defaultConfigurationIsVisible = 0;
			defaultConfigurationName = Release;
		};
		EEBD7D981E12891D001C3FC6 /* Build configuration list for PBXNativeTarget "IOSDemos" */ = {
			isa = XCConfigurationList;
			buildConfigurations = (
				EEBD7D991E12891D001C3FC6 /* Debug */,
				EEBD7D9A1E12891D001C3FC6 /* Release */,
			);
			defaultConfigurationIsVisible = 0;
			defaultConfigurationName = Release;
		};
		EEBD7D9B1E12891D001C3FC6 /* Build configuration list for PBXNativeTarget "IOSDemosTests" */ = {
			isa = XCConfigurationList;
			buildConfigurations = (
				EEBD7D9C1E12891D001C3FC6 /* Debug */,
				EEBD7D9D1E12891D001C3FC6 /* Release */,
			);
			defaultConfigurationIsVisible = 0;
			defaultConfigurationName = Release;
		};
		EEBD7D9E1E12891D001C3FC6 /* Build configuration list for PBXNativeTarget "IOSDemosUITests" */ = {
			isa = XCConfigurationList;
			buildConfigurations = (
				EEBD7D9F1E12891D001C3FC6 /* Debug */,
				EEBD7DA01E12891D001C3FC6 /* Release */,
			);
			defaultConfigurationIsVisible = 0;
			defaultConfigurationName = Release;
		};
/* End XCConfigurationList section */

/* Begin XCVersionGroup section */
		EEBD7D771E12891C001C3FC6 /* IOSDemos.xcdatamodeld */ = {
			isa = XCVersionGroup;
			children = (
				EEBD7D781E12891C001C3FC6 /* IOSDemos.xcdatamodel */,
			);
			currentVersion = EEBD7D781E12891C001C3FC6 /* IOSDemos.xcdatamodel */;
			path = IOSDemos.xcdatamodeld;
			sourceTree = "<group>";
			versionGroupType = wrapper.xcdatamodel;
		};
/* End XCVersionGroup section */
	};
	rootObject = EEBD7D651E12891C001C3FC6 /* Project object */;
}
